
Microsoft Visual Studio Solution File, Format Version 12.00
# Visual Studio 15
VisualStudioVersion = 15.0.27130.2026
MinimumVisualStudioVersion = 10.0.40219.1
Project("{9A19103F-16F7-4668-BE54-9A1E7A4F7556}") = "AMaaS.Core.Sdk", "AMaaS.Core.Sdk\AMaaS.Core.Sdk.csproj", "{C68760EB-1111-442A-8432-A8173349CEEA}"
EndProject
Project("{2150E333-8FDC-42A3-9474-1A3956D46DE8}") = "Tests", "Tests", "{EB5E47CF-A4C3-439E-A241-33BEB162C472}"
EndProject
Project("{9A19103F-16F7-4668-BE54-9A1E7A4F7556}") = "AMaaS.Core.Sdk.Transactions", "AMaaS.Core.Sdk.Transactions\AMaaS.Core.Sdk.Transactions.csproj", "{A35C6A69-9EAA-470B-94CB-41A7FD5A515F}"
EndProject
Project("{9A19103F-16F7-4668-BE54-9A1E7A4F7556}") = "AMaaS.Core.Sdk.Assets", "AMaaS.Core.Sdk.Assets\AMaaS.Core.Sdk.Assets.csproj", "{7EF027CB-4CF4-4204-A855-BEA238E66327}"
EndProject
Project("{9A19103F-16F7-4668-BE54-9A1E7A4F7556}") = "AMaaS.Core.Sdk.AssetManagers", "AMaaS.Core.Sdk.AssetManagers\AMaaS.Core.Sdk.AssetManagers.csproj", "{FDFC587A-A7C0-4A63-A912-828AF92F120D}"
EndProject
Project("{9A19103F-16F7-4668-BE54-9A1E7A4F7556}") = "AMaaS.Core.Assets.Tests", "Tests\AMaaS.Core.Assets.Tests\AMaaS.Core.Assets.Tests.csproj", "{C8F4991A-4CB4-4357-B0BB-C6F09D9A2E4D}"
EndProject
Project("{9A19103F-16F7-4668-BE54-9A1E7A4F7556}") = "AMaaS.Core.AssetManagers.Tests", "Tests\AMaaS.Core.AssetManagers.Tests\AMaaS.Core.AssetManagers.Tests.csproj", "{E407DDE4-8896-482A-ABB4-A6A4147465C0}"
EndProject
Project("{9A19103F-16F7-4668-BE54-9A1E7A4F7556}") = "AMaaS.Core.Sdk.Transactions.Tests", "Tests\AMaaS.Core.Sdk.Transactions.Tests\AMaaS.Core.Sdk.Transactions.Tests.csproj", "{10ED6791-46B2-49CB-94C5-4D550476A7BA}"
EndProject
Project("{9A19103F-16F7-4668-BE54-9A1E7A4F7556}") = "AMaaS.Core.Sdk.Tests", "Tests\AMaaS.Core.Sdk.Tests\AMaaS.Core.Sdk.Tests.csproj", "{571C750D-6411-4F0E-B138-795CE7C24598}"
EndProject
Project("{9A19103F-16F7-4668-BE54-9A1E7A4F7556}") = "AMaaS.Core.Sdk.Parties", "AMaaS.Core.Sdk.Parties\AMaaS.Core.Sdk.Parties.csproj", "{392C7670-0DB1-4B83-8E49-A612309C0513}"
EndProject
Project("{9A19103F-16F7-4668-BE54-9A1E7A4F7556}") = "AMaaS.Core.Parties.Tests", "Tests\AMaaS.Core.Parties.Tests\AMaaS.Core.Parties.Tests.csproj", "{72EE72AF-141C-447F-838F-C80436971A6B}"
EndProject
Project("{FAE04EC0-301F-11D3-BF4B-00C04F79EFBC}") = "AMaaS.Core.Sdk.Books", "AMaaS.Core.Sdk.Books\AMaaS.Core.Sdk.Books.csproj", "{F9D83E8A-93FF-477D-9033-3EFB87FDC092}"
EndProject
Project("{FAE04EC0-301F-11D3-BF4B-00C04F79EFBC}") = "AMaaS.Core.Books.Tests", "Tests\AMaaS.Core.Books.Tests\AMaaS.Core.Books.Tests.csproj", "{97AD1BFC-30E2-473E-8071-ACD830B2C202}"
EndProject
Global
	GlobalSection(SolutionConfigurationPlatforms) = preSolution
		Debug|Any CPU = Debug|Any CPU
		Release|Any CPU = Release|Any CPU
	EndGlobalSection
	GlobalSection(ProjectConfigurationPlatforms) = postSolution
		{C68760EB-1111-442A-8432-A8173349CEEA}.Debug|Any CPU.ActiveCfg = Debug|Any CPU
		{C68760EB-1111-442A-8432-A8173349CEEA}.Debug|Any CPU.Build.0 = Debug|Any CPU
		{C68760EB-1111-442A-8432-A8173349CEEA}.Release|Any CPU.ActiveCfg = Release|Any CPU
		{C68760EB-1111-442A-8432-A8173349CEEA}.Release|Any CPU.Build.0 = Release|Any CPU
		{A35C6A69-9EAA-470B-94CB-41A7FD5A515F}.Debug|Any CPU.ActiveCfg = Debug|Any CPU
		{A35C6A69-9EAA-470B-94CB-41A7FD5A515F}.Debug|Any CPU.Build.0 = Debug|Any CPU
		{A35C6A69-9EAA-470B-94CB-41A7FD5A515F}.Release|Any CPU.ActiveCfg = Release|Any CPU
		{A35C6A69-9EAA-470B-94CB-41A7FD5A515F}.Release|Any CPU.Build.0 = Release|Any CPU
		{7EF027CB-4CF4-4204-A855-BEA238E66327}.Debug|Any CPU.ActiveCfg = Debug|Any CPU
		{7EF027CB-4CF4-4204-A855-BEA238E66327}.Debug|Any CPU.Build.0 = Debug|Any CPU
		{7EF027CB-4CF4-4204-A855-BEA238E66327}.Release|Any CPU.ActiveCfg = Release|Any CPU
		{7EF027CB-4CF4-4204-A855-BEA238E66327}.Release|Any CPU.Build.0 = Release|Any CPU
		{FDFC587A-A7C0-4A63-A912-828AF92F120D}.Debug|Any CPU.ActiveCfg = Debug|Any CPU
		{FDFC587A-A7C0-4A63-A912-828AF92F120D}.Debug|Any CPU.Build.0 = Debug|Any CPU
		{FDFC587A-A7C0-4A63-A912-828AF92F120D}.Release|Any CPU.ActiveCfg = Release|Any CPU
		{FDFC587A-A7C0-4A63-A912-828AF92F120D}.Release|Any CPU.Build.0 = Release|Any CPU
		{C8F4991A-4CB4-4357-B0BB-C6F09D9A2E4D}.Debug|Any CPU.ActiveCfg = Debug|Any CPU
		{C8F4991A-4CB4-4357-B0BB-C6F09D9A2E4D}.Debug|Any CPU.Build.0 = Debug|Any CPU
		{C8F4991A-4CB4-4357-B0BB-C6F09D9A2E4D}.Release|Any CPU.ActiveCfg = Release|Any CPU
		{C8F4991A-4CB4-4357-B0BB-C6F09D9A2E4D}.Release|Any CPU.Build.0 = Release|Any CPU
		{E407DDE4-8896-482A-ABB4-A6A4147465C0}.Debug|Any CPU.ActiveCfg = Debug|Any CPU
		{E407DDE4-8896-482A-ABB4-A6A4147465C0}.Debug|Any CPU.Build.0 = Debug|Any CPU
		{E407DDE4-8896-482A-ABB4-A6A4147465C0}.Release|Any CPU.ActiveCfg = Release|Any CPU
		{E407DDE4-8896-482A-ABB4-A6A4147465C0}.Release|Any CPU.Build.0 = Release|Any CPU
		{10ED6791-46B2-49CB-94C5-4D550476A7BA}.Debug|Any CPU.ActiveCfg = Debug|Any CPU
		{10ED6791-46B2-49CB-94C5-4D550476A7BA}.Debug|Any CPU.Build.0 = Debug|Any CPU
		{10ED6791-46B2-49CB-94C5-4D550476A7BA}.Release|Any CPU.ActiveCfg = Release|Any CPU
		{10ED6791-46B2-49CB-94C5-4D550476A7BA}.Release|Any CPU.Build.0 = Release|Any CPU
		{571C750D-6411-4F0E-B138-795CE7C24598}.Debug|Any CPU.ActiveCfg = Debug|Any CPU
		{571C750D-6411-4F0E-B138-795CE7C24598}.Debug|Any CPU.Build.0 = Debug|Any CPU
		{571C750D-6411-4F0E-B138-795CE7C24598}.Release|Any CPU.ActiveCfg = Release|Any CPU
		{571C750D-6411-4F0E-B138-795CE7C24598}.Release|Any CPU.Build.0 = Release|Any CPU
		{392C7670-0DB1-4B83-8E49-A612309C0513}.Debug|Any CPU.ActiveCfg = Debug|Any CPU
		{392C7670-0DB1-4B83-8E49-A612309C0513}.Debug|Any CPU.Build.0 = Debug|Any CPU
		{392C7670-0DB1-4B83-8E49-A612309C0513}.Release|Any CPU.ActiveCfg = Release|Any CPU
		{392C7670-0DB1-4B83-8E49-A612309C0513}.Release|Any CPU.Build.0 = Release|Any CPU
		{72EE72AF-141C-447F-838F-C80436971A6B}.Debug|Any CPU.ActiveCfg = Debug|Any CPU
		{72EE72AF-141C-447F-838F-C80436971A6B}.Debug|Any CPU.Build.0 = Debug|Any CPU
		{72EE72AF-141C-447F-838F-C80436971A6B}.Release|Any CPU.ActiveCfg = Release|Any CPU
		{72EE72AF-141C-447F-838F-C80436971A6B}.Release|Any CPU.Build.0 = Release|Any CPU
		{F9D83E8A-93FF-477D-9033-3EFB87FDC092}.Debug|Any CPU.ActiveCfg = Debug|Any CPU
		{F9D83E8A-93FF-477D-9033-3EFB87FDC092}.Debug|Any CPU.Build.0 = Debug|Any CPU
		{F9D83E8A-93FF-477D-9033-3EFB87FDC092}.Release|Any CPU.ActiveCfg = Release|Any CPU
		{F9D83E8A-93FF-477D-9033-3EFB87FDC092}.Release|Any CPU.Build.0 = Release|Any CPU
		{97AD1BFC-30E2-473E-8071-ACD830B2C202}.Debug|Any CPU.ActiveCfg = Debug|Any CPU
		{97AD1BFC-30E2-473E-8071-ACD830B2C202}.Debug|Any CPU.Build.0 = Debug|Any CPU
		{97AD1BFC-30E2-473E-8071-ACD830B2C202}.Release|Any CPU.ActiveCfg = Release|Any CPU
		{97AD1BFC-30E2-473E-8071-ACD830B2C202}.Release|Any CPU.Build.0 = Release|Any CPU
	EndGlobalSection
	GlobalSection(SolutionProperties) = preSolution
		HideSolutionNode = FALSE
	EndGlobalSection
	GlobalSection(NestedProjects) = preSolution
		{C8F4991A-4CB4-4357-B0BB-C6F09D9A2E4D} = {EB5E47CF-A4C3-439E-A241-33BEB162C472}
		{E407DDE4-8896-482A-ABB4-A6A4147465C0} = {EB5E47CF-A4C3-439E-A241-33BEB162C472}
		{10ED6791-46B2-49CB-94C5-4D550476A7BA} = {EB5E47CF-A4C3-439E-A241-33BEB162C472}
		{571C750D-6411-4F0E-B138-795CE7C24598} = {EB5E47CF-A4C3-439E-A241-33BEB162C472}
		{72EE72AF-141C-447F-838F-C80436971A6B} = {EB5E47CF-A4C3-439E-A241-33BEB162C472}
		{97AD1BFC-30E2-473E-8071-ACD830B2C202} = {EB5E47CF-A4C3-439E-A241-33BEB162C472}
	EndGlobalSection
	GlobalSection(ExtensibilityGlobals) = postSolution
		SolutionGuid = {5C1B9D62-1BAA-480D-9D7F-82FAB26DE6A0}
	EndGlobalSection
EndGlobal
